PODS:
  - DDKit/DDMediator (0.4.9)
  - DDKit/DDScan (0.4.9):
    - SnapKit
  - SnapKit (4.2.0)

DEPENDENCIES:
  - DDKit/DDMediator
  - DDKit/DDScan

SPEC REPOS:
  https://github.com/cocoapods/specs.git:
    - SnapKit
  https://github.com/hk01-digital/hk01-ios-uikit-spec.git:
    - DDKit

SPEC CHECKSUMS:
  DDKit: cf20921e1af0e783f84a663092c2832ae8dd29fd
  SnapKit: fe8a619752f3f27075cc9a90244d75c6c3f27e2a

PODFILE CHECKSUM: ea52d780a0a8114091d42c335920c2be4002c079

COCOAPODS: 1.5.3
